{
  "name": "wzdb",
  "lockfileVersion": 2,
  "requires": true,
  "packages": {
    "": {
      "license": "MIT",
      "workspaces": [
        "back-end",
        "front-end"
      ]
    },
    "back-end": {
      "version": "1.0.0",
      "license": "MIT"
    },
    "front-end": {
      "version": "1.0.0",
      "license": "MIT"
    },
    "node_modules/@wzdb/back-end": {
      "resolved": "back-end",
      "link": true
    },
    "node_modules/@wzdb/front-end": {
      "resolved": "front-end",
      "link": true
    }
  },
  "dependencies": {
    "@wzdb/back-end": {
      "version": "file:back-end"
    },
    "@wzdb/front-end": {
      "version": "file:front-end"
    }
  }
}
